
Microsoft Visual Studio Solution File, Format Version 12.00
# Visual Studio 2013
VisualStudioVersion = 12.0.30110.0
MinimumVisualStudioVersion = 10.0.40219.1
Project("{FAE04EC0-301F-11D3-BF4B-00C04F79EFBC}") = "01. Joro the football player", "01. Joro the football player\01. Joro the football player.csproj", "{8C29B92D-076E-443E-A56F-362F237D0A9F}"
EndProject
Project("{FAE04EC0-301F-11D3-BF4B-00C04F79EFBC}") = "02. Half Sum", "02. Half Sum\02. Half Sum.csproj", "{DDE7E534-F4B9-4E06-B8CD-0E9738260C45}"
EndProject
Project("{FAE04EC0-301F-11D3-BF4B-00C04F79EFBC}") = "03. Sunglasses", "03. Sunglasses\03. Sunglasses.csproj", "{CBC838A0-0A24-4434-87CD-4A2250B8E1E5}"
EndProject
Project("{FAE04EC0-301F-11D3-BF4B-00C04F79EFBC}") = "04. Nine-Digit Magic Numbers", "04. Nine-Digit Magic Numbers\04. Nine-Digit Magic Numbers.csproj", "{A46A0446-30BC-4CF6-BC1E-A576C635E86F}"
EndProject
Project("{FAE04EC0-301F-11D3-BF4B-00C04F79EFBC}") = "05. Bit Inverter", "05. Bit Inverter\05. Bit Inverter.csproj", "{58649481-C030-4D81-8C78-8AFD346F3236}"
EndProject
Project("{2150E333-8FDC-42A3-9474-1A3956D46DE8}") = "1 - 10.04.2014", "1 - 10.04.2014", "{FE4C6BE4-1E22-4232-B416-51A5999B5D03}"
EndProject
Project("{2150E333-8FDC-42A3-9474-1A3956D46DE8}") = "2 - 10.04.2014", "2 - 10.04.2014", "{7786E11B-79D1-46B9-A4B0-90CB769B3F68}"
EndProject
Project("{2150E333-8FDC-42A3-9474-1A3956D46DE8}") = "6 - 12.04.2014", "6 - 12.04.2014", "{05DF73D0-202E-4385-A4A2-87E507B2CB06}"
EndProject
Project("{FAE04EC0-301F-11D3-BF4B-00C04F79EFBC}") = "04. Five Special Letters", "04. Five Special Letters\04. Five Special Letters.csproj", "{DD48B3B0-3747-4847-8BEF-140DD6B9D341}"
EndProject
Project("{2150E333-8FDC-42A3-9474-1A3956D46DE8}") = "7 - 14.04.2014", "7 - 14.04.2014", "{95FC57FF-84B0-4521-BB5A-2EAC1EBAEC92}"
EndProject
Project("{2150E333-8FDC-42A3-9474-1A3956D46DE8}") = "8 - 14.04.2014", "8 - 14.04.2014", "{BF8845A1-F4DA-4C45-8305-891CCC887C87}"
EndProject
Project("{FAE04EC0-301F-11D3-BF4B-00C04F79EFBC}") = "01. Fruit Market", "01. Fruit Market\01. Fruit Market.csproj", "{740A4AE3-6575-4461-8AF4-EDBB90DF09D0}"
EndProject
Project("{FAE04EC0-301F-11D3-BF4B-00C04F79EFBC}") = "03. Wine Glass", "03. Wine Glass\03. Wine Glass.csproj", "{362492A0-FF82-47F7-966D-C08F1B79FF08}"
EndProject
Project("{FAE04EC0-301F-11D3-BF4B-00C04F79EFBC}") = "02. Biggest Triple", "02. Biggest Triple\02. Biggest Triple.csproj", "{8E12B5D9-3F7B-4CCD-B03B-2047F412CFCE}"
EndProject
Project("{FAE04EC0-301F-11D3-BF4B-00C04F79EFBC}") = "05. Bit Shooter", "05. Bit Shooter\05. Bit Shooter.csproj", "{29D35B5E-B890-42F6-816D-61C8D47C1359}"
EndProject
Project("{FAE04EC0-301F-11D3-BF4B-00C04F79EFBC}") = "04. Longest Alphabetical Word", "04. Longest Alphabetical Word\04. Longest Alphabetical Word.csproj", "{D793B515-9A7D-4CE9-83AF-0688CF527101}"
EndProject
Project("{FAE04EC0-301F-11D3-BF4B-00C04F79EFBC}") = "03. Programmer DNA", "03. Programmer DNA\03. Programmer DNA.csproj", "{8E3CD844-EADE-4962-BA7A-DE7C50616C9F}"
EndProject
Project("{FAE04EC0-301F-11D3-BF4B-00C04F79EFBC}") = "05. Bit Flipper", "05. Bit Flipper\05. Bit Flipper.csproj", "{7EF26191-4CF2-41A5-88C5-69EB2640BD2F}"
EndProject
Project("{FAE04EC0-301F-11D3-BF4B-00C04F79EFBC}") = "01. Inside the Building", "01. Inside the Building\01. Inside the Building.csproj", "{C2EF65E8-9327-45A7-A197-ED394696F409}"
EndProject
Project("{FAE04EC0-301F-11D3-BF4B-00C04F79EFBC}") = "02. Student Cables", "02. Student Cables\02. Student Cables.csproj", "{E857E772-A2D1-4271-8191-5DBDADE877D7}"
EndProject
Project("{FAE04EC0-301F-11D3-BF4B-00C04F79EFBC}") = "04. Magic Car Numbers", "04. Magic Car Numbers\04. Magic Car Numbers.csproj", "{FB145A2E-B938-4ED2-B7DB-740BFFF35608}"
EndProject
Project("{2150E333-8FDC-42A3-9474-1A3956D46DE8}") = "5 - 12.04.2014", "5 - 12.04.2014", "{661C6AD9-5ACE-4BEF-B04D-757444623007}"
EndProject
Project("{2150E333-8FDC-42A3-9474-1A3956D46DE8}") = "3 - 11.04.2014", "3 - 11.04.2014", "{DD8B2959-465A-45E2-9250-97764C76EFD2}"
EndProject
Project("{2150E333-8FDC-42A3-9474-1A3956D46DE8}") = "4 - 11.04.2014", "4 - 11.04.2014", "{D4C714B0-1B57-4D88-A799-359773BBB3E3}"
EndProject
Project("{FAE04EC0-301F-11D3-BF4B-00C04F79EFBC}") = "03. House", "03. House\03. House.csproj", "{0DC07652-A131-44AF-A01B-F64B656A238F}"
EndProject
Project("{FAE04EC0-301F-11D3-BF4B-00C04F79EFBC}") = "01. Triangle", "01. Triangle\01. Triangle.csproj", "{826688AA-C315-4D56-872A-836D7E888E16}"
EndProject
Project("{FAE04EC0-301F-11D3-BF4B-00C04F79EFBC}") = "02. Pairs", "02. Pairs\02. Pairs.csproj", "{744424F1-3F0C-4CC8-BC04-D9D1167E9D4E}"
EndProject
Project("{FAE04EC0-301F-11D3-BF4B-00C04F79EFBC}") = "04. Magic Dates", "04. Magic Dates\04. Magic Dates.csproj", "{07E0FE28-52B7-49D9-8007-D62EAB097A7D}"
EndProject
Project("{FAE04EC0-301F-11D3-BF4B-00C04F79EFBC}") = "05. Bit Killer", "05. Bit Killer\05. Bit Killer.csproj", "{CE1DE410-1565-4BA8-9E21-36F11BDC1846}"
EndProject
Project("{FAE04EC0-301F-11D3-BF4B-00C04F79EFBC}") = "02. Odd Even Elements", "02. Odd Even Elements\02. Odd Even Elements.csproj", "{4A41E0FE-095B-4C60-9278-13E374FB3080}"
EndProject
Project("{FAE04EC0-301F-11D3-BF4B-00C04F79EFBC}") = "03. The Explorer", "03. The Explorer\03. The Explorer.csproj", "{EF5B2D03-4380-4456-B55B-8EC55971EA4C}"
EndProject
Project("{FAE04EC0-301F-11D3-BF4B-00C04F79EFBC}") = "03. New House", "03. New House\03. New House.csproj", "{B5367F2D-8ACF-4951-AFAA-0C2DAAE35F0B}"
EndProject
Project("{FAE04EC0-301F-11D3-BF4B-00C04F79EFBC}") = "03. Eclipse", "03. Eclipse\03. Eclipse.csproj", "{6E3AC590-B2A5-420D-B350-D7B010358B00}"
EndProject
Project("{FAE04EC0-301F-11D3-BF4B-00C04F79EFBC}") = "03. Arrow", "03. Arrow\03. Arrow.csproj", "{205881D5-946C-4D68-9663-4629AF9F92ED}"
EndProject
Project("{FAE04EC0-301F-11D3-BF4B-00C04F79EFBC}") = "05. Bit Roller", "05. Bit Roller\05. Bit Roller.csproj", "{004BA580-FA55-486E-9E86-1955B223B7E8}"
EndProject
Project("{FAE04EC0-301F-11D3-BF4B-00C04F79EFBC}") = "01. Exam Schedule", "01. Exam Schedule\01. Exam Schedule.csproj", "{85D1052E-EA0E-48B0-B136-B14B06C090A0}"
EndProject
Project("{FAE04EC0-301F-11D3-BF4B-00C04F79EFBC}") = "05. Bits Up", "05. Bits Up\05. Bits Up.csproj", "{56B38810-AD3F-4FFB-A8FE-285AAE6FE2B0}"
EndProject
Project("{FAE04EC0-301F-11D3-BF4B-00C04F79EFBC}") = "01. Volleyball", "01. Volleyball\01. Volleyball.csproj", "{C9544FA4-C36A-498A-893B-D2C5B5335C3E}"
EndProject
Project("{FAE04EC0-301F-11D3-BF4B-00C04F79EFBC}") = "01. Work Hours", "01. Work Hours\01. Work Hours.csproj", "{D154A028-3B99-4CF6-A88D-0113BB4F23E7}"
EndProject
Project("{FAE04EC0-301F-11D3-BF4B-00C04F79EFBC}") = "01. Cinema", "01. Cinema\01. Cinema.csproj", "{7942E2EC-12A8-4006-B84D-6CB907EFAF9C}"
EndProject
Project("{FAE04EC0-301F-11D3-BF4B-00C04F79EFBC}") = "02. Illuminati", "02. Illuminati\02. Illuminati.csproj", "{2D0031DE-B1DE-4257-97C8-2A9A9DD84C60}"
EndProject
Project("{FAE04EC0-301F-11D3-BF4B-00C04F79EFBC}") = "04. Crossing Sequences", "04. Crossing Sequences\04. Crossing Sequences.csproj", "{04328FE7-A58D-4CB9-B99C-B7BA14175403}"
EndProject
Project("{FAE04EC0-301F-11D3-BF4B-00C04F79EFBC}") = "05. Catch The Bits", "05. Catch The Bits\05. Catch The Bits.csproj", "{46F7649C-FABF-47B4-8BB0-1694F1ED05E2}"
EndProject
Project("{FAE04EC0-301F-11D3-BF4B-00C04F79EFBC}") = "02. Odd Even Sum", "02. Odd Even Sum\02. Odd Even Sum.csproj", "{42311A02-6689-4C6A-8F84-FA97A4ED9FFF}"
EndProject
Project("{FAE04EC0-301F-11D3-BF4B-00C04F79EFBC}") = "04. Hayvan Numbers", "04. Hayvan Numbers\04. Hayvan Numbers.csproj", "{F6492E9A-D7EB-49E1-9CEC-B2836529AAD4}"
EndProject
Project("{FAE04EC0-301F-11D3-BF4B-00C04F79EFBC}") = "02. Sum of Elements", "02. Sum of Elements\02. Sum of Elements.csproj", "{CCE9D1F3-C239-4AF0-A507-F9FE1021A415}"
EndProject
Project("{FAE04EC0-301F-11D3-BF4B-00C04F79EFBC}") = "04. Magic Strings", "04. Magic Strings\04. Magic Strings.csproj", "{A4954704-6EDB-4112-A51A-57736887B30C}"
EndProject
Project("{FAE04EC0-301F-11D3-BF4B-00C04F79EFBC}") = "05. Bit Sifting", "05. Bit Sifting\05. Bit Sifting.csproj", "{54F9AE80-39E8-4399-A3AB-AF1295AFB103}"
EndProject
Project("{FAE04EC0-301F-11D3-BF4B-00C04F79EFBC}") = "01. Fit Box in Box", "01. Fit Box in Box\01. Fit Box in Box.csproj", "{BB5702C7-F43C-466B-8216-1D54099C1005}"
EndProject
Project("{FAE04EC0-301F-11D3-BF4B-00C04F79EFBC}") = "02. Sequence of K Numbers", "02. Sequence of K Numbers\02. Sequence of K Numbers.csproj", "{A28826AD-ADE5-464A-A21C-6449D47B8F1A}"
EndProject
Project("{FAE04EC0-301F-11D3-BF4B-00C04F79EFBC}") = "03. Disk", "03. Disk\03. Disk.csproj", "{8E313FA5-423A-4E5F-A278-3F3AD68C9A04}"
EndProject
Project("{FAE04EC0-301F-11D3-BF4B-00C04F79EFBC}") = "04. Poker Straight", "04. Poker Straight\04. Poker Straight.csproj", "{F5363BFF-FBC4-4796-951B-C54F4184DC47}"
EndProject
Project("{FAE04EC0-301F-11D3-BF4B-00C04F79EFBC}") = "05. Friend Bits", "05. Friend Bits\05. Friend Bits.csproj", "{ABF900A3-F0B3-42A8-B4DD-515951BF8252}"
EndProject
Project("{2150E333-8FDC-42A3-9474-1A3956D46DE8}") = "9 - 28.04.2014", "9 - 28.04.2014", "{6CCE4687-5A5C-4BB5-B494-AC734049BF7D}"
EndProject
Global
	GlobalSection(SolutionConfigurationPlatforms) = preSolution
		Debug|Any CPU = Debug|Any CPU
		Release|Any CPU = Release|Any CPU
	EndGlobalSection
	GlobalSection(ProjectConfigurationPlatforms) = postSolution
		{8C29B92D-076E-443E-A56F-362F237D0A9F}.Debug|Any CPU.ActiveCfg = Debug|Any CPU
		{8C29B92D-076E-443E-A56F-362F237D0A9F}.Debug|Any CPU.Build.0 = Debug|Any CPU
		{8C29B92D-076E-443E-A56F-362F237D0A9F}.Release|Any CPU.ActiveCfg = Release|Any CPU
		{8C29B92D-076E-443E-A56F-362F237D0A9F}.Release|Any CPU.Build.0 = Release|Any CPU
		{DDE7E534-F4B9-4E06-B8CD-0E9738260C45}.Debug|Any CPU.ActiveCfg = Debug|Any CPU
		{DDE7E534-F4B9-4E06-B8CD-0E9738260C45}.Debug|Any CPU.Build.0 = Debug|Any CPU
		{DDE7E534-F4B9-4E06-B8CD-0E9738260C45}.Release|Any CPU.ActiveCfg = Release|Any CPU
		{DDE7E534-F4B9-4E06-B8CD-0E9738260C45}.Release|Any CPU.Build.0 = Release|Any CPU
		{CBC838A0-0A24-4434-87CD-4A2250B8E1E5}.Debug|Any CPU.ActiveCfg = Debug|Any CPU
		{CBC838A0-0A24-4434-87CD-4A2250B8E1E5}.Debug|Any CPU.Build.0 = Debug|Any CPU
		{CBC838A0-0A24-4434-87CD-4A2250B8E1E5}.Release|Any CPU.ActiveCfg = Release|Any CPU
		{CBC838A0-0A24-4434-87CD-4A2250B8E1E5}.Release|Any CPU.Build.0 = Release|Any CPU
		{A46A0446-30BC-4CF6-BC1E-A576C635E86F}.Debug|Any CPU.ActiveCfg = Debug|Any CPU
		{A46A0446-30BC-4CF6-BC1E-A576C635E86F}.Debug|Any CPU.Build.0 = Debug|Any CPU
		{A46A0446-30BC-4CF6-BC1E-A576C635E86F}.Release|Any CPU.ActiveCfg = Release|Any CPU
		{A46A0446-30BC-4CF6-BC1E-A576C635E86F}.Release|Any CPU.Build.0 = Release|Any CPU
		{58649481-C030-4D81-8C78-8AFD346F3236}.Debug|Any CPU.ActiveCfg = Debug|Any CPU
		{58649481-C030-4D81-8C78-8AFD346F3236}.Debug|Any CPU.Build.0 = Debug|Any CPU
		{58649481-C030-4D81-8C78-8AFD346F3236}.Release|Any CPU.ActiveCfg = Release|Any CPU
		{58649481-C030-4D81-8C78-8AFD346F3236}.Release|Any CPU.Build.0 = Release|Any CPU
		{DD48B3B0-3747-4847-8BEF-140DD6B9D341}.Debug|Any CPU.ActiveCfg = Debug|Any CPU
		{DD48B3B0-3747-4847-8BEF-140DD6B9D341}.Debug|Any CPU.Build.0 = Debug|Any CPU
		{DD48B3B0-3747-4847-8BEF-140DD6B9D341}.Release|Any CPU.ActiveCfg = Release|Any CPU
		{DD48B3B0-3747-4847-8BEF-140DD6B9D341}.Release|Any CPU.Build.0 = Release|Any CPU
		{740A4AE3-6575-4461-8AF4-EDBB90DF09D0}.Debug|Any CPU.ActiveCfg = Debug|Any CPU
		{740A4AE3-6575-4461-8AF4-EDBB90DF09D0}.Debug|Any CPU.Build.0 = Debug|Any CPU
		{740A4AE3-6575-4461-8AF4-EDBB90DF09D0}.Release|Any CPU.ActiveCfg = Release|Any CPU
		{740A4AE3-6575-4461-8AF4-EDBB90DF09D0}.Release|Any CPU.Build.0 = Release|Any CPU
		{362492A0-FF82-47F7-966D-C08F1B79FF08}.Debug|Any CPU.ActiveCfg = Debug|Any CPU
		{362492A0-FF82-47F7-966D-C08F1B79FF08}.Debug|Any CPU.Build.0 = Debug|Any CPU
		{362492A0-FF82-47F7-966D-C08F1B79FF08}.Release|Any CPU.ActiveCfg = Release|Any CPU
		{362492A0-FF82-47F7-966D-C08F1B79FF08}.Release|Any CPU.Build.0 = Release|Any CPU
		{8E12B5D9-3F7B-4CCD-B03B-2047F412CFCE}.Debug|Any CPU.ActiveCfg = Debug|Any CPU
		{8E12B5D9-3F7B-4CCD-B03B-2047F412CFCE}.Debug|Any CPU.Build.0 = Debug|Any CPU
		{8E12B5D9-3F7B-4CCD-B03B-2047F412CFCE}.Release|Any CPU.ActiveCfg = Release|Any CPU
		{8E12B5D9-3F7B-4CCD-B03B-2047F412CFCE}.Release|Any CPU.Build.0 = Release|Any CPU
		{29D35B5E-B890-42F6-816D-61C8D47C1359}.Debug|Any CPU.ActiveCfg = Debug|Any CPU
		{29D35B5E-B890-42F6-816D-61C8D47C1359}.Debug|Any CPU.Build.0 = Debug|Any CPU
		{29D35B5E-B890-42F6-816D-61C8D47C1359}.Release|Any CPU.ActiveCfg = Release|Any CPU
		{29D35B5E-B890-42F6-816D-61C8D47C1359}.Release|Any CPU.Build.0 = Release|Any CPU
		{D793B515-9A7D-4CE9-83AF-0688CF527101}.Debug|Any CPU.ActiveCfg = Debug|Any CPU
		{D793B515-9A7D-4CE9-83AF-0688CF527101}.Debug|Any CPU.Build.0 = Debug|Any CPU
		{D793B515-9A7D-4CE9-83AF-0688CF527101}.Release|Any CPU.ActiveCfg = Release|Any CPU
		{D793B515-9A7D-4CE9-83AF-0688CF527101}.Release|Any CPU.Build.0 = Release|Any CPU
		{8E3CD844-EADE-4962-BA7A-DE7C50616C9F}.Debug|Any CPU.ActiveCfg = Debug|Any CPU
		{8E3CD844-EADE-4962-BA7A-DE7C50616C9F}.Debug|Any CPU.Build.0 = Debug|Any CPU
		{8E3CD844-EADE-4962-BA7A-DE7C50616C9F}.Release|Any CPU.ActiveCfg = Release|Any CPU
		{8E3CD844-EADE-4962-BA7A-DE7C50616C9F}.Release|Any CPU.Build.0 = Release|Any CPU
		{7EF26191-4CF2-41A5-88C5-69EB2640BD2F}.Debug|Any CPU.ActiveCfg = Debug|Any CPU
		{7EF26191-4CF2-41A5-88C5-69EB2640BD2F}.Debug|Any CPU.Build.0 = Debug|Any CPU
		{7EF26191-4CF2-41A5-88C5-69EB2640BD2F}.Release|Any CPU.ActiveCfg = Release|Any CPU
		{7EF26191-4CF2-41A5-88C5-69EB2640BD2F}.Release|Any CPU.Build.0 = Release|Any CPU
		{C2EF65E8-9327-45A7-A197-ED394696F409}.Debug|Any CPU.ActiveCfg = Debug|Any CPU
		{C2EF65E8-9327-45A7-A197-ED394696F409}.Debug|Any CPU.Build.0 = Debug|Any CPU
		{C2EF65E8-9327-45A7-A197-ED394696F409}.Release|Any CPU.ActiveCfg = Release|Any CPU
		{C2EF65E8-9327-45A7-A197-ED394696F409}.Release|Any CPU.Build.0 = Release|Any CPU
		{E857E772-A2D1-4271-8191-5DBDADE877D7}.Debug|Any CPU.ActiveCfg = Debug|Any CPU
		{E857E772-A2D1-4271-8191-5DBDADE877D7}.Debug|Any CPU.Build.0 = Debug|Any CPU
		{E857E772-A2D1-4271-8191-5DBDADE877D7}.Release|Any CPU.ActiveCfg = Release|Any CPU
		{E857E772-A2D1-4271-8191-5DBDADE877D7}.Release|Any CPU.Build.0 = Release|Any CPU
		{FB145A2E-B938-4ED2-B7DB-740BFFF35608}.Debug|Any CPU.ActiveCfg = Debug|Any CPU
		{FB145A2E-B938-4ED2-B7DB-740BFFF35608}.Debug|Any CPU.Build.0 = Debug|Any CPU
		{FB145A2E-B938-4ED2-B7DB-740BFFF35608}.Release|Any CPU.ActiveCfg = Release|Any CPU
		{FB145A2E-B938-4ED2-B7DB-740BFFF35608}.Release|Any CPU.Build.0 = Release|Any CPU
		{0DC07652-A131-44AF-A01B-F64B656A238F}.Debug|Any CPU.ActiveCfg = Debug|Any CPU
		{0DC07652-A131-44AF-A01B-F64B656A238F}.Debug|Any CPU.Build.0 = Debug|Any CPU
		{0DC07652-A131-44AF-A01B-F64B656A238F}.Release|Any CPU.ActiveCfg = Release|Any CPU
		{0DC07652-A131-44AF-A01B-F64B656A238F}.Release|Any CPU.Build.0 = Release|Any CPU
		{826688AA-C315-4D56-872A-836D7E888E16}.Debug|Any CPU.ActiveCfg = Debug|Any CPU
		{826688AA-C315-4D56-872A-836D7E888E16}.Debug|Any CPU.Build.0 = Debug|Any CPU
		{826688AA-C315-4D56-872A-836D7E888E16}.Release|Any CPU.ActiveCfg = Release|Any CPU
		{826688AA-C315-4D56-872A-836D7E888E16}.Release|Any CPU.Build.0 = Release|Any CPU
		{744424F1-3F0C-4CC8-BC04-D9D1167E9D4E}.Debug|Any CPU.ActiveCfg = Debug|Any CPU
		{744424F1-3F0C-4CC8-BC04-D9D1167E9D4E}.Debug|Any CPU.Build.0 = Debug|Any CPU
		{744424F1-3F0C-4CC8-BC04-D9D1167E9D4E}.Release|Any CPU.ActiveCfg = Release|Any CPU
		{744424F1-3F0C-4CC8-BC04-D9D1167E9D4E}.Release|Any CPU.Build.0 = Release|Any CPU
		{07E0FE28-52B7-49D9-8007-D62EAB097A7D}.Debug|Any CPU.ActiveCfg = Debug|Any CPU
		{07E0FE28-52B7-49D9-8007-D62EAB097A7D}.Debug|Any CPU.Build.0 = Debug|Any CPU
		{07E0FE28-52B7-49D9-8007-D62EAB097A7D}.Release|Any CPU.ActiveCfg = Release|Any CPU
		{07E0FE28-52B7-49D9-8007-D62EAB097A7D}.Release|Any CPU.Build.0 = Release|Any CPU
		{CE1DE410-1565-4BA8-9E21-36F11BDC1846}.Debug|Any CPU.ActiveCfg = Debug|Any CPU
		{CE1DE410-1565-4BA8-9E21-36F11BDC1846}.Debug|Any CPU.Build.0 = Debug|Any CPU
		{CE1DE410-1565-4BA8-9E21-36F11BDC1846}.Release|Any CPU.ActiveCfg = Release|Any CPU
		{CE1DE410-1565-4BA8-9E21-36F11BDC1846}.Release|Any CPU.Build.0 = Release|Any CPU
		{4A41E0FE-095B-4C60-9278-13E374FB3080}.Debug|Any CPU.ActiveCfg = Debug|Any CPU
		{4A41E0FE-095B-4C60-9278-13E374FB3080}.Debug|Any CPU.Build.0 = Debug|Any CPU
		{4A41E0FE-095B-4C60-9278-13E374FB3080}.Release|Any CPU.ActiveCfg = Release|Any CPU
		{4A41E0FE-095B-4C60-9278-13E374FB3080}.Release|Any CPU.Build.0 = Release|Any CPU
		{EF5B2D03-4380-4456-B55B-8EC55971EA4C}.Debug|Any CPU.ActiveCfg = Debug|Any CPU
		{EF5B2D03-4380-4456-B55B-8EC55971EA4C}.Debug|Any CPU.Build.0 = Debug|Any CPU
		{EF5B2D03-4380-4456-B55B-8EC55971EA4C}.Release|Any CPU.ActiveCfg = Release|Any CPU
		{EF5B2D03-4380-4456-B55B-8EC55971EA4C}.Release|Any CPU.Build.0 = Release|Any CPU
		{B5367F2D-8ACF-4951-AFAA-0C2DAAE35F0B}.Debug|Any CPU.ActiveCfg = Debug|Any CPU
		{B5367F2D-8ACF-4951-AFAA-0C2DAAE35F0B}.Debug|Any CPU.Build.0 = Debug|Any CPU
		{B5367F2D-8ACF-4951-AFAA-0C2DAAE35F0B}.Release|Any CPU.ActiveCfg = Release|Any CPU
		{B5367F2D-8ACF-4951-AFAA-0C2DAAE35F0B}.Release|Any CPU.Build.0 = Release|Any CPU
		{6E3AC590-B2A5-420D-B350-D7B010358B00}.Debug|Any CPU.ActiveCfg = Debug|Any CPU
		{6E3AC590-B2A5-420D-B350-D7B010358B00}.Debug|Any CPU.Build.0 = Debug|Any CPU
		{6E3AC590-B2A5-420D-B350-D7B010358B00}.Release|Any CPU.ActiveCfg = Release|Any CPU
		{6E3AC590-B2A5-420D-B350-D7B010358B00}.Release|Any CPU.Build.0 = Release|Any CPU
		{205881D5-946C-4D68-9663-4629AF9F92ED}.Debug|Any CPU.ActiveCfg = Debug|Any CPU
		{205881D5-946C-4D68-9663-4629AF9F92ED}.Debug|Any CPU.Build.0 = Debug|Any CPU
		{205881D5-946C-4D68-9663-4629AF9F92ED}.Release|Any CPU.ActiveCfg = Release|Any CPU
		{205881D5-946C-4D68-9663-4629AF9F92ED}.Release|Any CPU.Build.0 = Release|Any CPU
		{004BA580-FA55-486E-9E86-1955B223B7E8}.Debug|Any CPU.ActiveCfg = Debug|Any CPU
		{004BA580-FA55-486E-9E86-1955B223B7E8}.Debug|Any CPU.Build.0 = Debug|Any CPU
		{004BA580-FA55-486E-9E86-1955B223B7E8}.Release|Any CPU.ActiveCfg = Release|Any CPU
		{004BA580-FA55-486E-9E86-1955B223B7E8}.Release|Any CPU.Build.0 = Release|Any CPU
		{85D1052E-EA0E-48B0-B136-B14B06C090A0}.Debug|Any CPU.ActiveCfg = Debug|Any CPU
		{85D1052E-EA0E-48B0-B136-B14B06C090A0}.Debug|Any CPU.Build.0 = Debug|Any CPU
		{85D1052E-EA0E-48B0-B136-B14B06C090A0}.Release|Any CPU.ActiveCfg = Release|Any CPU
		{85D1052E-EA0E-48B0-B136-B14B06C090A0}.Release|Any CPU.Build.0 = Release|Any CPU
		{56B38810-AD3F-4FFB-A8FE-285AAE6FE2B0}.Debug|Any CPU.ActiveCfg = Debug|Any CPU
		{56B38810-AD3F-4FFB-A8FE-285AAE6FE2B0}.Debug|Any CPU.Build.0 = Debug|Any CPU
		{56B38810-AD3F-4FFB-A8FE-285AAE6FE2B0}.Release|Any CPU.ActiveCfg = Release|Any CPU
		{56B38810-AD3F-4FFB-A8FE-285AAE6FE2B0}.Release|Any CPU.Build.0 = Release|Any CPU
		{C9544FA4-C36A-498A-893B-D2C5B5335C3E}.Debug|Any CPU.ActiveCfg = Debug|Any CPU
		{C9544FA4-C36A-498A-893B-D2C5B5335C3E}.Debug|Any CPU.Build.0 = Debug|Any CPU
		{C9544FA4-C36A-498A-893B-D2C5B5335C3E}.Release|Any CPU.ActiveCfg = Release|Any CPU
		{C9544FA4-C36A-498A-893B-D2C5B5335C3E}.Release|Any CPU.Build.0 = Release|Any CPU
		{D154A028-3B99-4CF6-A88D-0113BB4F23E7}.Debug|Any CPU.ActiveCfg = Debug|Any CPU
		{D154A028-3B99-4CF6-A88D-0113BB4F23E7}.Debug|Any CPU.Build.0 = Debug|Any CPU
		{D154A028-3B99-4CF6-A88D-0113BB4F23E7}.Release|Any CPU.ActiveCfg = Release|Any CPU
		{D154A028-3B99-4CF6-A88D-0113BB4F23E7}.Release|Any CPU.Build.0 = Release|Any CPU
		{7942E2EC-12A8-4006-B84D-6CB907EFAF9C}.Debug|Any CPU.ActiveCfg = Debug|Any CPU
		{7942E2EC-12A8-4006-B84D-6CB907EFAF9C}.Debug|Any CPU.Build.0 = Debug|Any CPU
		{7942E2EC-12A8-4006-B84D-6CB907EFAF9C}.Release|Any CPU.ActiveCfg = Release|Any CPU
		{7942E2EC-12A8-4006-B84D-6CB907EFAF9C}.Release|Any CPU.Build.0 = Release|Any CPU
		{2D0031DE-B1DE-4257-97C8-2A9A9DD84C60}.Debug|Any CPU.ActiveCfg = Debug|Any CPU
		{2D0031DE-B1DE-4257-97C8-2A9A9DD84C60}.Debug|Any CPU.Build.0 = Debug|Any CPU
		{2D0031DE-B1DE-4257-97C8-2A9A9DD84C60}.Release|Any CPU.ActiveCfg = Release|Any CPU
		{2D0031DE-B1DE-4257-97C8-2A9A9DD84C60}.Release|Any CPU.Build.0 = Release|Any CPU
		{04328FE7-A58D-4CB9-B99C-B7BA14175403}.Debug|Any CPU.ActiveCfg = Debug|Any CPU
		{04328FE7-A58D-4CB9-B99C-B7BA14175403}.Debug|Any CPU.Build.0 = Debug|Any CPU
		{04328FE7-A58D-4CB9-B99C-B7BA14175403}.Release|Any CPU.ActiveCfg = Release|Any CPU
		{04328FE7-A58D-4CB9-B99C-B7BA14175403}.Release|Any CPU.Build.0 = Release|Any CPU
		{46F7649C-FABF-47B4-8BB0-1694F1ED05E2}.Debug|Any CPU.ActiveCfg = Debug|Any CPU
		{46F7649C-FABF-47B4-8BB0-1694F1ED05E2}.Debug|Any CPU.Build.0 = Debug|Any CPU
		{46F7649C-FABF-47B4-8BB0-1694F1ED05E2}.Release|Any CPU.ActiveCfg = Release|Any CPU
		{46F7649C-FABF-47B4-8BB0-1694F1ED05E2}.Release|Any CPU.Build.0 = Release|Any CPU
		{42311A02-6689-4C6A-8F84-FA97A4ED9FFF}.Debug|Any CPU.ActiveCfg = Debug|Any CPU
		{42311A02-6689-4C6A-8F84-FA97A4ED9FFF}.Debug|Any CPU.Build.0 = Debug|Any CPU
		{42311A02-6689-4C6A-8F84-FA97A4ED9FFF}.Release|Any CPU.ActiveCfg = Release|Any CPU
		{42311A02-6689-4C6A-8F84-FA97A4ED9FFF}.Release|Any CPU.Build.0 = Release|Any CPU
		{F6492E9A-D7EB-49E1-9CEC-B2836529AAD4}.Debug|Any CPU.ActiveCfg = Debug|Any CPU
		{F6492E9A-D7EB-49E1-9CEC-B2836529AAD4}.Debug|Any CPU.Build.0 = Debug|Any CPU
		{F6492E9A-D7EB-49E1-9CEC-B2836529AAD4}.Release|Any CPU.ActiveCfg = Release|Any CPU
		{F6492E9A-D7EB-49E1-9CEC-B2836529AAD4}.Release|Any CPU.Build.0 = Release|Any CPU
		{CCE9D1F3-C239-4AF0-A507-F9FE1021A415}.Debug|Any CPU.ActiveCfg = Debug|Any CPU
		{CCE9D1F3-C239-4AF0-A507-F9FE1021A415}.Debug|Any CPU.Build.0 = Debug|Any CPU
		{CCE9D1F3-C239-4AF0-A507-F9FE1021A415}.Release|Any CPU.ActiveCfg = Release|Any CPU
		{CCE9D1F3-C239-4AF0-A507-F9FE1021A415}.Release|Any CPU.Build.0 = Release|Any CPU
		{A4954704-6EDB-4112-A51A-57736887B30C}.Debug|Any CPU.ActiveCfg = Debug|Any CPU
		{A4954704-6EDB-4112-A51A-57736887B30C}.Debug|Any CPU.Build.0 = Debug|Any CPU
		{A4954704-6EDB-4112-A51A-57736887B30C}.Release|Any CPU.ActiveCfg = Release|Any CPU
		{A4954704-6EDB-4112-A51A-57736887B30C}.Release|Any CPU.Build.0 = Release|Any CPU
		{54F9AE80-39E8-4399-A3AB-AF1295AFB103}.Debug|Any CPU.ActiveCfg = Debug|Any CPU
		{54F9AE80-39E8-4399-A3AB-AF1295AFB103}.Debug|Any CPU.Build.0 = Debug|Any CPU
		{54F9AE80-39E8-4399-A3AB-AF1295AFB103}.Release|Any CPU.ActiveCfg = Release|Any CPU
		{54F9AE80-39E8-4399-A3AB-AF1295AFB103}.Release|Any CPU.Build.0 = Release|Any CPU
		{BB5702C7-F43C-466B-8216-1D54099C1005}.Debug|Any CPU.ActiveCfg = Debug|Any CPU
		{BB5702C7-F43C-466B-8216-1D54099C1005}.Debug|Any CPU.Build.0 = Debug|Any CPU
		{BB5702C7-F43C-466B-8216-1D54099C1005}.Release|Any CPU.ActiveCfg = Release|Any CPU
		{BB5702C7-F43C-466B-8216-1D54099C1005}.Release|Any CPU.Build.0 = Release|Any CPU
		{A28826AD-ADE5-464A-A21C-6449D47B8F1A}.Debug|Any CPU.ActiveCfg = Debug|Any CPU
		{A28826AD-ADE5-464A-A21C-6449D47B8F1A}.Debug|Any CPU.Build.0 = Debug|Any CPU
		{A28826AD-ADE5-464A-A21C-6449D47B8F1A}.Release|Any CPU.ActiveCfg = Release|Any CPU
		{A28826AD-ADE5-464A-A21C-6449D47B8F1A}.Release|Any CPU.Build.0 = Release|Any CPU
		{8E313FA5-423A-4E5F-A278-3F3AD68C9A04}.Debug|Any CPU.ActiveCfg = Debug|Any CPU
		{8E313FA5-423A-4E5F-A278-3F3AD68C9A04}.Debug|Any CPU.Build.0 = Debug|Any CPU
		{8E313FA5-423A-4E5F-A278-3F3AD68C9A04}.Release|Any CPU.ActiveCfg = Release|Any CPU
		{8E313FA5-423A-4E5F-A278-3F3AD68C9A04}.Release|Any CPU.Build.0 = Release|Any CPU
		{F5363BFF-FBC4-4796-951B-C54F4184DC47}.Debug|Any CPU.ActiveCfg = Debug|Any CPU
		{F5363BFF-FBC4-4796-951B-C54F4184DC47}.Debug|Any CPU.Build.0 = Debug|Any CPU
		{F5363BFF-FBC4-4796-951B-C54F4184DC47}.Release|Any CPU.ActiveCfg = Release|Any CPU
		{F5363BFF-FBC4-4796-951B-C54F4184DC47}.Release|Any CPU.Build.0 = Release|Any CPU
		{ABF900A3-F0B3-42A8-B4DD-515951BF8252}.Debug|Any CPU.ActiveCfg = Debug|Any CPU
		{ABF900A3-F0B3-42A8-B4DD-515951BF8252}.Debug|Any CPU.Build.0 = Debug|Any CPU
		{ABF900A3-F0B3-42A8-B4DD-515951BF8252}.Release|Any CPU.ActiveCfg = Release|Any CPU
		{ABF900A3-F0B3-42A8-B4DD-515951BF8252}.Release|Any CPU.Build.0 = Release|Any CPU
	EndGlobalSection
	GlobalSection(SolutionProperties) = preSolution
		HideSolutionNode = FALSE
	EndGlobalSection
	GlobalSection(NestedProjects) = preSolution
		{DDE7E534-F4B9-4E06-B8CD-0E9738260C45} = {FE4C6BE4-1E22-4232-B416-51A5999B5D03}
		{CBC838A0-0A24-4434-87CD-4A2250B8E1E5} = {FE4C6BE4-1E22-4232-B416-51A5999B5D03}
		{A46A0446-30BC-4CF6-BC1E-A576C635E86F} = {FE4C6BE4-1E22-4232-B416-51A5999B5D03}
		{58649481-C030-4D81-8C78-8AFD346F3236} = {FE4C6BE4-1E22-4232-B416-51A5999B5D03}
		{8C29B92D-076E-443E-A56F-362F237D0A9F} = {FE4C6BE4-1E22-4232-B416-51A5999B5D03}
		{6E3AC590-B2A5-420D-B350-D7B010358B00} = {7786E11B-79D1-46B9-A4B0-90CB769B3F68}
		{56B38810-AD3F-4FFB-A8FE-285AAE6FE2B0} = {7786E11B-79D1-46B9-A4B0-90CB769B3F68}
		{C9544FA4-C36A-498A-893B-D2C5B5335C3E} = {7786E11B-79D1-46B9-A4B0-90CB769B3F68}
		{42311A02-6689-4C6A-8F84-FA97A4ED9FFF} = {7786E11B-79D1-46B9-A4B0-90CB769B3F68}
		{F6492E9A-D7EB-49E1-9CEC-B2836529AAD4} = {7786E11B-79D1-46B9-A4B0-90CB769B3F68}
		{DD48B3B0-3747-4847-8BEF-140DD6B9D341} = {05DF73D0-202E-4385-A4A2-87E507B2CB06}
		{4A41E0FE-095B-4C60-9278-13E374FB3080} = {05DF73D0-202E-4385-A4A2-87E507B2CB06}
		{205881D5-946C-4D68-9663-4629AF9F92ED} = {05DF73D0-202E-4385-A4A2-87E507B2CB06}
		{004BA580-FA55-486E-9E86-1955B223B7E8} = {05DF73D0-202E-4385-A4A2-87E507B2CB06}
		{85D1052E-EA0E-48B0-B136-B14B06C090A0} = {05DF73D0-202E-4385-A4A2-87E507B2CB06}
		{740A4AE3-6575-4461-8AF4-EDBB90DF09D0} = {95FC57FF-84B0-4521-BB5A-2EAC1EBAEC92}
		{362492A0-FF82-47F7-966D-C08F1B79FF08} = {95FC57FF-84B0-4521-BB5A-2EAC1EBAEC92}
		{8E12B5D9-3F7B-4CCD-B03B-2047F412CFCE} = {95FC57FF-84B0-4521-BB5A-2EAC1EBAEC92}
		{29D35B5E-B890-42F6-816D-61C8D47C1359} = {95FC57FF-84B0-4521-BB5A-2EAC1EBAEC92}
		{D793B515-9A7D-4CE9-83AF-0688CF527101} = {95FC57FF-84B0-4521-BB5A-2EAC1EBAEC92}
		{8E3CD844-EADE-4962-BA7A-DE7C50616C9F} = {BF8845A1-F4DA-4C45-8305-891CCC887C87}
		{7EF26191-4CF2-41A5-88C5-69EB2640BD2F} = {BF8845A1-F4DA-4C45-8305-891CCC887C87}
		{C2EF65E8-9327-45A7-A197-ED394696F409} = {BF8845A1-F4DA-4C45-8305-891CCC887C87}
		{E857E772-A2D1-4271-8191-5DBDADE877D7} = {BF8845A1-F4DA-4C45-8305-891CCC887C87}
		{FB145A2E-B938-4ED2-B7DB-740BFFF35608} = {BF8845A1-F4DA-4C45-8305-891CCC887C87}
		{0DC07652-A131-44AF-A01B-F64B656A238F} = {661C6AD9-5ACE-4BEF-B04D-757444623007}
		{826688AA-C315-4D56-872A-836D7E888E16} = {661C6AD9-5ACE-4BEF-B04D-757444623007}
		{744424F1-3F0C-4CC8-BC04-D9D1167E9D4E} = {661C6AD9-5ACE-4BEF-B04D-757444623007}
		{07E0FE28-52B7-49D9-8007-D62EAB097A7D} = {661C6AD9-5ACE-4BEF-B04D-757444623007}
		{CE1DE410-1565-4BA8-9E21-36F11BDC1846} = {661C6AD9-5ACE-4BEF-B04D-757444623007}
		{EF5B2D03-4380-4456-B55B-8EC55971EA4C} = {DD8B2959-465A-45E2-9250-97764C76EFD2}
		{D154A028-3B99-4CF6-A88D-0113BB4F23E7} = {DD8B2959-465A-45E2-9250-97764C76EFD2}
		{CCE9D1F3-C239-4AF0-A507-F9FE1021A415} = {DD8B2959-465A-45E2-9250-97764C76EFD2}
		{A4954704-6EDB-4112-A51A-57736887B30C} = {DD8B2959-465A-45E2-9250-97764C76EFD2}
		{54F9AE80-39E8-4399-A3AB-AF1295AFB103} = {DD8B2959-465A-45E2-9250-97764C76EFD2}
		{B5367F2D-8ACF-4951-AFAA-0C2DAAE35F0B} = {D4C714B0-1B57-4D88-A799-359773BBB3E3}
		{7942E2EC-12A8-4006-B84D-6CB907EFAF9C} = {D4C714B0-1B57-4D88-A799-359773BBB3E3}
		{2D0031DE-B1DE-4257-97C8-2A9A9DD84C60} = {D4C714B0-1B57-4D88-A799-359773BBB3E3}
		{04328FE7-A58D-4CB9-B99C-B7BA14175403} = {D4C714B0-1B57-4D88-A799-359773BBB3E3}
		{46F7649C-FABF-47B4-8BB0-1694F1ED05E2} = {D4C714B0-1B57-4D88-A799-359773BBB3E3}
		{BB5702C7-F43C-466B-8216-1D54099C1005} = {6CCE4687-5A5C-4BB5-B494-AC734049BF7D}
		{A28826AD-ADE5-464A-A21C-6449D47B8F1A} = {6CCE4687-5A5C-4BB5-B494-AC734049BF7D}
		{8E313FA5-423A-4E5F-A278-3F3AD68C9A04} = {6CCE4687-5A5C-4BB5-B494-AC734049BF7D}
		{F5363BFF-FBC4-4796-951B-C54F4184DC47} = {6CCE4687-5A5C-4BB5-B494-AC734049BF7D}
		{ABF900A3-F0B3-42A8-B4DD-515951BF8252} = {6CCE4687-5A5C-4BB5-B494-AC734049BF7D}
	EndGlobalSection
EndGlobal
